// !$*UTF8*$!
{
	archiveVersion = 1;
	classes = {
	};
	objectVersion = 56;
	objects = {

/* Begin PBXBuildFile section */
		C318A36B2C22B78600A0717B /* AppDelegate.swift in Sources */ = {isa = PBXBuildFile; fileRef = C318A36A2C22B78600A0717B /* AppDelegate.swift */; };
		C318A36D2C22B78600A0717B /* SceneDelegate.swift in Sources */ = {isa = PBXBuildFile; fileRef = C318A36C2C22B78600A0717B /* SceneDelegate.swift */; };
		C318A36F2C22B78600A0717B /* ViewController.swift in Sources */ = {isa = PBXBuildFile; fileRef = C318A36E2C22B78600A0717B /* ViewController.swift */; };
		C318A3722C22B78600A0717B /* Base in Resources */ = {isa = PBXBuildFile; fileRef = C318A3712C22B78600A0717B /* Base */; };
		C318A3752C22B78600A0717B /* Github_Collab_Task.xcdatamodeld in Sources */ = {isa = PBXBuildFile; fileRef = C318A3732C22B78600A0717B /* Github_Collab_Task.xcdatamodeld */; };
		C318A3772C22B78800A0717B /* Assets.xcassets in Resources */ = {isa = PBXBuildFile; fileRef = C318A3762C22B78800A0717B /* Assets.xcassets */; };
		C318A37A2C22B78800A0717B /* Base in Resources */ = {isa = PBXBuildFile; fileRef = C318A3792C22B78800A0717B /* Base */; };
		C35E54072C22BBBD00F5E9C3 /* Authentication.storyboard in Resources */ = {isa = PBXBuildFile; fileRef = C35E54062C22BBBD00F5E9C3 /* Authentication.storyboard */; };
		C35E54092C22BD6900F5E9C3 /* LoginScreenVC.swift in Sources */ = {isa = PBXBuildFile; fileRef = C35E54082C22BD6900F5E9C3 /* LoginScreenVC.swift */; };
		C35E540B2C22C5F800F5E9C3 /* RegisterScreenVC.swift in Sources */ = {isa = PBXBuildFile; fileRef = C35E540A2C22C5F800F5E9C3 /* RegisterScreenVC.swift */; };
/* End PBXBuildFile section */

/* Begin PBXFileReference section */
		C318A3672C22B78600A0717B /* Github_Collab_Task.app */ = {isa = PBXFileReference; explicitFileType = wrapper.application; includeInIndex = 0; path = Github_Collab_Task.app; sourceTree = BUILT_PRODUCTS_DIR; };
		C318A36A2C22B78600A0717B /* AppDelegate.swift */ = {isa = PBXFileReference; lastKnownFileType = sourcecode.swift; path = AppDelegate.swift; sourceTree = "<group>"; };
		C318A36C2C22B78600A0717B /* SceneDelegate.swift */ = {isa = PBXFileReference; lastKnownFileType = sourcecode.swift; path = SceneDelegate.swift; sourceTree = "<group>"; };
		C318A36E2C22B78600A0717B /* ViewController.swift */ = {isa = PBXFileReference; lastKnownFileType = sourcecode.swift; path = ViewController.swift; sourceTree = "<group>"; };
		C318A3712C22B78600A0717B /* Base */ = {isa = PBXFileReference; lastKnownFileType = file.storyboard; name = Base; path = Base.lproj/Main.storyboard; sourceTree = "<group>"; };
		C318A3742C22B78600A0717B /* Github_Collab_Task.xcdatamodel */ = {isa = PBXFileReference; lastKnownFileType = wrapper.xcdatamodel; path = Github_Collab_Task.xcdatamodel; sourceTree = "<group>"; };
		C318A3762C22B78800A0717B /* Assets.xcassets */ = {isa = PBXFileReference; lastKnownFileType = folder.assetcatalog; path = Assets.xcassets; sourceTree = "<group>"; };
		C318A3792C22B78800A0717B /* Base */ = {isa = PBXFileReference; lastKnownFileType = file.storyboard; name = Base; path = Base.lproj/LaunchScreen.storyboard; sourceTree = "<group>"; };
		C318A37B2C22B78800A0717B /* Info.plist */ = {isa = PBXFileReference; lastKnownFileType = text.plist.xml; path = Info.plist; sourceTree = "<group>"; };
		C35E54062C22BBBD00F5E9C3 /* Authentication.storyboard */ = {isa = PBXFileReference; lastKnownFileType = file.storyboard; path = Authentication.storyboard; sourceTree = "<group>"; };
		C35E54082C22BD6900F5E9C3 /* LoginScreenVC.swift */ = {isa = PBXFileReference; lastKnownFileType = sourcecode.swift; path = LoginScreenVC.swift; sourceTree = "<group>"; };
		C35E540A2C22C5F800F5E9C3 /* RegisterScreenVC.swift */ = {isa = PBXFileReference; lastKnownFileType = sourcecode.swift; path = RegisterScreenVC.swift; sourceTree = "<group>"; };
/* End PBXFileReference section */

/* Begin PBXFrameworksBuildPhase section */
		C318A3642C22B78600A0717B /* Frameworks */ = {
			isa = PBXFrameworksBuildPhase;
			buildActionMask = 2147483647;
			files = (
			);
			runOnlyForDeploymentPostprocessing = 0;
		};
/* End PBXFrameworksBuildPhase section */

/* Begin PBXGroup section */
		C318A35E2C22B78600A0717B = {
			isa = PBXGroup;
			children = (
				C318A3692C22B78600A0717B /* Github_Collab_Task */,
				C318A3682C22B78600A0717B /* Products */,
			);
			sourceTree = "<group>";
		};
		C318A3682C22B78600A0717B /* Products */ = {
			isa = PBXGroup;
			children = (
				C318A3672C22B78600A0717B /* Github_Collab_Task.app */,
			);
			name = Products;
			sourceTree = "<group>";
		};
		C318A3692C22B78600A0717B /* Github_Collab_Task */ = {
			isa = PBXGroup;
			children = (
				C318A3852C22B7E300A0717B /* Model */,
				C318A3842C22B7D700A0717B /* ViewModel */,
				C318A3832C22B7CD00A0717B /* NetworkManager */,
				C318A3862C22B7F800A0717B /* Cell */,
				C318A3812C22B7BA00A0717B /* ViewController */,
				C318A3822C22B7C600A0717B /* UI */,
				C318A36A2C22B78600A0717B /* AppDelegate.swift */,
				C318A36C2C22B78600A0717B /* SceneDelegate.swift */,
				C318A3762C22B78800A0717B /* Assets.xcassets */,
				C318A3782C22B78800A0717B /* LaunchScreen.storyboard */,
				C318A37B2C22B78800A0717B /* Info.plist */,
				C318A3732C22B78600A0717B /* Github_Collab_Task.xcdatamodeld */,
			);
			path = Github_Collab_Task;
			sourceTree = "<group>";
		};
		C318A3812C22B7BA00A0717B /* ViewController */ = {
			isa = PBXGroup;
			children = (
				C318A36E2C22B78600A0717B /* ViewController.swift */,
				C35E54082C22BD6900F5E9C3 /* LoginScreenVC.swift */,
				C35E540A2C22C5F800F5E9C3 /* RegisterScreenVC.swift */,
			);
			path = ViewController;
			sourceTree = "<group>";
		};
		C318A3822C22B7C600A0717B /* UI */ = {
			isa = PBXGroup;
			children = (
				C318A3702C22B78600A0717B /* Main.storyboard */,
				C35E54062C22BBBD00F5E9C3 /* Authentication.storyboard */,
			);
			path = UI;
			sourceTree = "<group>";
		};
		C318A3832C22B7CD00A0717B /* NetworkManager */ = {
			isa = PBXGroup;
			children = (
			);
			path = NetworkManager;
			sourceTree = "<group>";
		};
		C318A3842C22B7D700A0717B /* ViewModel */ = {
			isa = PBXGroup;
			children = (
			);
			path = ViewModel;
			sourceTree = "<group>";
		};
		C318A3852C22B7E300A0717B /* Model */ = {
			isa = PBXGroup;
			children = (
			);
			path = Model;
			sourceTree = "<group>";
		};
		C318A3862C22B7F800A0717B /* Cell */ = {
			isa = PBXGroup;
			children = (
				C318A3872C22B80800A0717B /* TableViewCell */,
				C318A3882C22B81400A0717B /* CollectionViewCell */,
			);
			path = Cell;
			sourceTree = "<group>";
		};
		C318A3872C22B80800A0717B /* TableViewCell */ = {
			isa = PBXGroup;
			children = (
			);
			path = TableViewCell;
			sourceTree = "<group>";
		};
		C318A3882C22B81400A0717B /* CollectionViewCell */ = {
			isa = PBXGroup;
			children = (
			);
			path = CollectionViewCell;
			sourceTree = "<group>";
		};
/* End PBXGroup section */

/* Begin PBXNativeTarget section */
		C318A3662C22B78600A0717B /* Github_Collab_Task */ = {
			isa = PBXNativeTarget;
			buildConfigurationList = C318A37E2C22B78800A0717B /* Build configuration list for PBXNativeTarget "Github_Collab_Task" */;
			buildPhases = (
				C318A3632C22B78600A0717B /* Sources */,
				C318A3642C22B78600A0717B /* Frameworks */,
				C318A3652C22B78600A0717B /* Resources */,
			);
			buildRules = (
			);
			dependencies = (
			);
			name = Github_Collab_Task;
			productName = Github_Collab_Task;
			productReference = C318A3672C22B78600A0717B /* Github_Collab_Task.app */;
			productType = "com.apple.product-type.application";
		};
/* End PBXNativeTarget section */

/* Begin PBXProject section */
		C318A35F2C22B78600A0717B /* Project object */ = {
			isa = PBXProject;
			attributes = {
				BuildIndependentTargetsInParallel = 1;
				LastSwiftUpdateCheck = 1530;
				LastUpgradeCheck = 1530;
				TargetAttributes = {
					C318A3662C22B78600A0717B = {
						CreatedOnToolsVersion = 15.3;
					};
				};
			};
			buildConfigurationList = C318A3622C22B78600A0717B /* Build configuration list for PBXProject "Github_Collab_Task" */;
			compatibilityVersion = "Xcode 14.0";
			developmentRegion = en;
			hasScannedForEncodings = 0;
			knownRegions = (
				en,
				Base,
			);
			mainGroup = C318A35E2C22B78600A0717B;
			productRefGroup = C318A3682C22B78600A0717B /* Products */;
			projectDirPath = "";
			projectRoot = "";
			targets = (
				C318A3662C22B78600A0717B /* Github_Collab_Task */,
			);
		};
/* End PBXProject section */

/* Begin PBXResourcesBuildPhase section */
		C318A3652C22B78600A0717B /* Resources */ = {
			isa = PBXResourcesBuildPhase;
			buildActionMask = 2147483647;
			files = (
				C35E54072C22BBBD00F5E9C3 /* Authentication.storyboard in Resources */,
				C318A3772C22B78800A0717B /* Assets.xcassets in Resources */,
				C318A37A2C22B78800A0717B /* Base in Resources */,
				C318A3722C22B78600A0717B /* Base in Resources */,
			);
			runOnlyForDeploymentPostprocessing = 0;
		};
/* End PBXResourcesBuildPhase section */

/* Begin PBXSourcesBuildPhase section */
		C318A3632C22B78600A0717B /* Sources */ = {
			isa = PBXSourcesBuildPhase;
			buildActionMask = 2147483647;
			files = (
				C35E54092C22BD6900F5E9C3 /* LoginScreenVC.swift in Sources */,
				C35E540B2C22C5F800F5E9C3 /* RegisterScreenVC.swift in Sources */,
				C318A3752C22B78600A0717B /* Github_Collab_Task.xcdatamodeld in Sources */,
				C318A36F2C22B78600A0717B /* ViewController.swift in Sources */,
				C318A36B2C22B78600A0717B /* AppDelegate.swift in Sources */,
				C318A36D2C22B78600A0717B /* SceneDelegate.swift in Sources */,
			);
			runOnlyForDeploymentPostprocessing = 0;
		};
/* End PBXSourcesBuildPhase section */

/* Begin PBXVariantGroup section */
		C318A3702C22B78600A0717B /* Main.storyboard */ = {
			isa = PBXVariantGroup;
			children = (
				C318A3712C22B78600A0717B /* Base */,
			);
			name = Main.storyboard;
			sourceTree = "<group>";
		};
		C318A3782C22B78800A0717B /* LaunchScreen.storyboard */ = {
			isa = PBXVariantGroup;
			children = (
				C318A3792C22B78800A0717B /* Base */,
			);
			name = LaunchScreen.storyboard;
			sourceTree = "<group>";
		};
/* End PBXVariantGroup section */

/* Begin XCBuildConfiguration section */
		C318A37C2C22B78800A0717B /* Debug */ = {
			isa = XCBuildConfiguration;
			buildSettings = {
				ALWAYS_SEARCH_USER_PATHS = NO;
				ASSETCATALOG_COMPILER_GENERATE_SWIFT_ASSET_SYMBOL_EXTENSIONS = YES;
				CLANG_ANALYZER_NONNULL = YES;
				CLANG_ANALYZER_NUMBER_OBJECT_CONVERSION = YES_AGGRESSIVE;
				CLANG_CXX_LANGUAGE_STANDARD = "gnu++20";
				CLANG_ENABLE_MODULES = YES;
				CLANG_ENABLE_OBJC_ARC = YES;
				CLANG_ENABLE_OBJC_WEAK = YES;
				CLANG_WARN_BLOCK_CAPTURE_AUTORELEASING = YES;
				CLANG_WARN_BOOL_CONVERSION = YES;
				CLANG_WARN_COMMA = YES;
				CLANG_WARN_CONSTANT_CONVERSION = YES;
				CLANG_WARN_DEPRECATED_OBJC_IMPLEMENTATIONS = YES;
				CLANG_WARN_DIRECT_OBJC_ISA_USAGE = YES_ERROR;
				CLANG_WARN_DOCUMENTATION_COMMENTS = YES;
				CLANG_WARN_EMPTY_BODY = YES;
				CLANG_WARN_ENUM_CONVERSION = YES;
				CLANG_WARN_INFINITE_RECURSION = YES;
				CLANG_WARN_INT_CONVERSION = YES;
				CLANG_WARN_NON_LITERAL_NULL_CONVERSION = YES;
				CLANG_WARN_OBJC_IMPLICIT_RETAIN_SELF = YES;
				CLANG_WARN_OBJC_LITERAL_CONVERSION = YES;
				CLANG_WARN_OBJC_ROOT_CLASS = YES_ERROR;
				CLANG_WARN_QUOTED_INCLUDE_IN_FRAMEWORK_HEADER = YES;
				CLANG_WARN_RANGE_LOOP_ANALYSIS = YES;
				CLANG_WARN_STRICT_PROTOTYPES = YES;
				CLANG_WARN_SUSPICIOUS_MOVE = YES;
				CLANG_WARN_UNGUARDED_AVAILABILITY = YES_AGGRESSIVE;
				CLANG_WARN_UNREACHABLE_CODE = YES;
				CLANG_WARN__DUPLICATE_METHOD_MATCH = YES;
				COPY_PHASE_STRIP = NO;
				DEBUG_INFORMATION_FORMAT = dwarf;
				ENABLE_STRICT_OBJC_MSGSEND = YES;
				ENABLE_TESTABILITY = YES;
				ENABLE_USER_SCRIPT_SANDBOXING = YES;
				GCC_C_LANGUAGE_STANDARD = gnu17;
				GCC_DYNAMIC_NO_PIC = NO;
				GCC_NO_COMMON_BLOCKS = YES;
				GCC_OPTIMIZATION_LEVEL = 0;
				GCC_PREPROCESSOR_DEFINITIONS = (
					"DEBUG=1",
					"$(inherited)",
				);
				GCC_WARN_64_TO_32_BIT_CONVERSION = YES;
				GCC_WARN_ABOUT_RETURN_TYPE = YES_ERROR;
				GCC_WARN_UNDECLARED_SELECTOR = YES;
				GCC_WARN_UNINITIALIZED_AUTOS = YES_AGGRESSIVE;
				GCC_WARN_UNUSED_FUNCTION = YES;
				GCC_WARN_UNUSED_VARIABLE = YES;
				IPHONEOS_DEPLOYMENT_TARGET = 17.4;
				LOCALIZATION_PREFERS_STRING_CATALOGS = YES;
				MTL_ENABLE_DEBUG_INFO = INCLUDE_SOURCE;
				MTL_FAST_MATH = YES;
				ONLY_ACTIVE_ARCH = YES;
				SDKROOT = iphoneos;
				SWIFT_ACTIVE_COMPILATION_CONDITIONS = "DEBUG $(inherited)";
				SWIFT_OPTIMIZATION_LEVEL = "-Onone";
			};
			name = Debug;
		};
		C318A37D2C22B78800A0717B /* Release */ = {
			isa = XCBuildConfiguration;
			buildSettings = {
				ALWAYS_SEARCH_USER_PATHS = NO;
				ASSETCATALOG_COMPILER_GENERATE_SWIFT_ASSET_SYMBOL_EXTENSIONS = YES;
				CLANG_ANALYZER_NONNULL = YES;
				CLANG_ANALYZER_NUMBER_OBJECT_CONVERSION = YES_AGGRESSIVE;
				CLANG_CXX_LANGUAGE_STANDARD = "gnu++20";
				CLANG_ENABLE_MODULES = YES;
				CLANG_ENABLE_OBJC_ARC = YES;
				CLANG_ENABLE_OBJC_WEAK = YES;
				CLANG_WARN_BLOCK_CAPTURE_AUTORELEASING = YES;
				CLANG_WARN_BOOL_CONVERSION = YES;
				CLANG_WARN_COMMA = YES;
				CLANG_WARN_CONSTANT_CONVERSION = YES;
				CLANG_WARN_DEPRECATED_OBJC_IMPLEMENTATIONS = YES;
				CLANG_WARN_DIRECT_OBJC_ISA_USAGE = YES_ERROR;
				CLANG_WARN_DOCUMENTATION_COMMENTS = YES;
				CLANG_WARN_EMPTY_BODY = YES;
				CLANG_WARN_ENUM_CONVERSION = YES;
				CLANG_WARN_INFINITE_RECURSION = YES;
				CLANG_WARN_INT_CONVERSION = YES;
				CLANG_WARN_NON_LITERAL_NULL_CONVERSION = YES;
				CLANG_WARN_OBJC_IMPLICIT_RETAIN_SELF = YES;
				CLANG_WARN_OBJC_LITERAL_CONVERSION = YES;
				CLANG_WARN_OBJC_ROOT_CLASS = YES_ERROR;
				CLANG_WARN_QUOTED_INCLUDE_IN_FRAMEWORK_HEADER = YES;
				CLANG_WARN_RANGE_LOOP_ANALYSIS = YES;
				CLANG_WARN_STRICT_PROTOTYPES = YES;
				CLANG_WARN_SUSPICIOUS_MOVE = YES;
				CLANG_WARN_UNGUARDED_AVAILABILITY = YES_AGGRESSIVE;
				CLANG_WARN_UNREACHABLE_CODE = YES;
				CLANG_WARN__DUPLICATE_METHOD_MATCH = YES;
				COPY_PHASE_STRIP = NO;
				DEBUG_INFORMATION_FORMAT = "dwarf-with-dsym";
				ENABLE_NS_ASSERTIONS = NO;
				ENABLE_STRICT_OBJC_MSGSEND = YES;
				ENABLE_USER_SCRIPT_SANDBOXING = YES;
				GCC_C_LANGUAGE_STANDARD = gnu17;
				GCC_NO_COMMON_BLOCKS = YES;
				GCC_WARN_64_TO_32_BIT_CONVERSION = YES;
				GCC_WARN_ABOUT_RETURN_TYPE = YES_ERROR;
				GCC_WARN_UNDECLARED_SELECTOR = YES;
				GCC_WARN_UNINITIALIZED_AUTOS = YES_AGGRESSIVE;
				GCC_WARN_UNUSED_FUNCTION = YES;
				GCC_WARN_UNUSED_VARIABLE = YES;
				IPHONEOS_DEPLOYMENT_TARGET = 17.4;
				LOCALIZATION_PREFERS_STRING_CATALOGS = YES;
				MTL_ENABLE_DEBUG_INFO = NO;
				MTL_FAST_MATH = YES;
				SDKROOT = iphoneos;
				SWIFT_COMPILATION_MODE = wholemodule;
				VALIDATE_PRODUCT = YES;
			};
			name = Release;
		};
		C318A37F2C22B78800A0717B /* Debug */ = {
			isa = XCBuildConfiguration;
			buildSettings = {
				ASSETCATALOG_COMPILER_APPICON_NAME = AppIcon;
				ASSETCATALOG_COMPILER_GLOBAL_ACCENT_COLOR_NAME = AccentColor;
				CODE_SIGN_STYLE = Automatic;
				CURRENT_PROJECT_VERSION = 1;
				GENERATE_INFOPLIST_FILE = YES;
				INFOPLIST_FILE = Github_Collab_Task/Info.plist;
				INFOPLIST_KEY_UIApplicationSupportsIndirectInputEvents = YES;
				INFOPLIST_KEY_UILaunchStoryboardName = LaunchScreen;
				INFOPLIST_KEY_UIMainStoryboardFile = Main;
				INFOPLIST_KEY_UISupportedInterfaceOrientations_iPad = "UIInterfaceOrientationPortrait UIInterfaceOrientationPortraitUpsideDown UIInterfaceOrientationLandscapeLeft UIInterfaceOrientationLandscapeRight";
				INFOPLIST_KEY_UISupportedInterfaceOrientations_iPhone = "UIInterfaceOrientationPortrait UIInterfaceOrientationLandscapeLeft UIInterfaceOrientationLandscapeRight";
				IPHONEOS_DEPLOYMENT_TARGET = 16.0;
				LD_RUNPATH_SEARCH_PATHS = (
					"$(inherited)",
					"@executable_path/Frameworks",
				);
				MARKETING_VERSION = 1.0;
				PRODUCT_BUNDLE_IDENTIFIER = "com.wcg.HF18.Github-Collab-Task";
				PRODUCT_NAME = "$(TARGET_NAME)";
				SWIFT_EMIT_LOC_STRINGS = YES;
				SWIFT_VERSION = 5.0;
				TARGETED_DEVICE_FAMILY = "1,2";
			};
			name = Debug;
		};
		C318A3802C22B78800A0717B /* Release */ = {
			isa = XCBuildConfiguration;
			buildSettings = {
				ASSETCATALOG_COMPILER_APPICON_NAME = AppIcon;
				ASSETCATALOG_COMPILER_GLOBAL_ACCENT_COLOR_NAME = AccentColor;
				CODE_SIGN_STYLE = Automatic;
				CURRENT_PROJECT_VERSION = 1;
				GENERATE_INFOPLIST_FILE = YES;
				INFOPLIST_FILE = Github_Collab_Task/Info.plist;
				INFOPLIST_KEY_UIApplicationSupportsIndirectInputEvents = YES;
				INFOPLIST_KEY_UILaunchStoryboardName = LaunchScreen;
				INFOPLIST_KEY_UIMainStoryboardFile = Main;
				INFOPLIST_KEY_UISupportedInterfaceOrientations_iPad = "UIInterfaceOrientationPortrait UIInterfaceOrientationPortraitUpsideDown UIInterfaceOrientationLandscapeLeft UIInterfaceOrientationLandscapeRight";
				INFOPLIST_KEY_UISupportedInterfaceOrientations_iPhone = "UIInterfaceOrientationPortrait UIInterfaceOrientationLandscapeLeft UIInterfaceOrientationLandscapeRight";
				IPHONEOS_DEPLOYMENT_TARGET = 16.0;
				LD_RUNPATH_SEARCH_PATHS = (
					"$(inherited)",
					"@executable_path/Frameworks",
				);
				MARKETING_VERSION = 1.0;
				PRODUCT_BUNDLE_IDENTIFIER = "com.wcg.HF18.Github-Collab-Task";
				PRODUCT_NAME = "$(TARGET_NAME)";
				SWIFT_EMIT_LOC_STRINGS = YES;
				SWIFT_VERSION = 5.0;
				TARGETED_DEVICE_FAMILY = "1,2";
			};
			name = Release;
		};
/* End XCBuildConfiguration section */

/* Begin XCConfigurationList section */
		C318A3622C22B78600A0717B /* Build configuration list for PBXProject "Github_Collab_Task" */ = {
			isa = XCConfigurationList;
			buildConfigurations = (
				C318A37C2C22B78800A0717B /* Debug */,
				C318A37D2C22B78800A0717B /* Release */,
			);
			defaultConfigurationIsVisible = 0;
			defaultConfigurationName = Release;
		};
		C318A37E2C22B78800A0717B /* Build configuration list for PBXNativeTarget "Github_Collab_Task" */ = {
			isa = XCConfigurationList;
			buildConfigurations = (
				C318A37F2C22B78800A0717B /* Debug */,
				C318A3802C22B78800A0717B /* Release */,
			);
			defaultConfigurationIsVisible = 0;
			defaultConfigurationName = Release;
		};
/* End XCConfigurationList section */

/* Begin XCVersionGroup section */
		C318A3732C22B78600A0717B /* Github_Collab_Task.xcdatamodeld */ = {
			isa = XCVersionGroup;
			children = (
				C318A3742C22B78600A0717B /* Github_Collab_Task.xcdatamodel */,
			);
			currentVersion = C318A3742C22B78600A0717B /* Github_Collab_Task.xcdatamodel */;
			path = Github_Collab_Task.xcdatamodeld;
			sourceTree = "<group>";
			versionGroupType = wrapper.xcdatamodel;
		};
/* End XCVersionGroup section */
	};
	rootObject = C318A35F2C22B78600A0717B /* Project object */;
}
